// !$*UTF8*$!
{
	archiveVersion = 1;
	classes = {
	};
	objectVersion = 56;
	objects = {

/* Begin PBXBuildFile section */
		18E24D902AEF78B900635553 /* ShoppingAppApp.swift in Sources */ = {isa = PBXBuildFile; fileRef = 18E24D8F2AEF78B900635553 /* ShoppingAppApp.swift */; };
		18E24D922AEF78B900635553 /* ContentView.swift in Sources */ = {isa = PBXBuildFile; fileRef = 18E24D912AEF78B900635553 /* ContentView.swift */; };
		18E24D942AEF78BB00635553 /* Assets.xcassets in Resources */ = {isa = PBXBuildFile; fileRef = 18E24D932AEF78BB00635553 /* Assets.xcassets */; };
		18E24D972AEF78BB00635553 /* Preview Assets.xcassets in Resources */ = {isa = PBXBuildFile; fileRef = 18E24D962AEF78BB00635553 /* Preview Assets.xcassets */; };
		18E24D9E2AEF79D400635553 /* OnBoardingScreenView.swift in Sources */ = {isa = PBXBuildFile; fileRef = 18E24D9D2AEF79D400635553 /* OnBoardingScreenView.swift */; };
		18E24DA12AEF7E1900635553 /* HomeScreenView.swift in Sources */ = {isa = PBXBuildFile; fileRef = 18E24DA02AEF7E1900635553 /* HomeScreenView.swift */; };
		18E24DA42AEF850A00635553 /* ImageData.swift in Sources */ = {isa = PBXBuildFile; fileRef = 18E24DA32AEF850A00635553 /* ImageData.swift */; };
		18E24DA62AEF851B00635553 /* NearYouData.swift in Sources */ = {isa = PBXBuildFile; fileRef = 18E24DA52AEF851B00635553 /* NearYouData.swift */; };
		18E24DA82AEF87F000635553 /* FruitCardView.swift in Sources */ = {isa = PBXBuildFile; fileRef = 18E24DA72AEF87F000635553 /* FruitCardView.swift */; };
		18E24DAA2AEF8C7400635553 /* DetailView.swift in Sources */ = {isa = PBXBuildFile; fileRef = 18E24DA92AEF8C7400635553 /* DetailView.swift */; };
		18E24DAC2AEF8C9F00635553 /* TopSellingView.swift in Sources */ = {isa = PBXBuildFile; fileRef = 18E24DAB2AEF8C9F00635553 /* TopSellingView.swift */; };
		18E24DAE2AEFBBA400635553 /* NearYouView.swift in Sources */ = {isa = PBXBuildFile; fileRef = 18E24DAD2AEFBBA400635553 /* NearYouView.swift */; };
/* End PBXBuildFile section */

/* Begin PBXFileReference section */
		18E24D8C2AEF78B900635553 /* ShoppingApp.app */ = {isa = PBXFileReference; explicitFileType = wrapper.application; includeInIndex = 0; path = ShoppingApp.app; sourceTree = BUILT_PRODUCTS_DIR; };
		18E24D8F2AEF78B900635553 /* ShoppingAppApp.swift */ = {isa = PBXFileReference; lastKnownFileType = sourcecode.swift; path = ShoppingAppApp.swift; sourceTree = "<group>"; };
		18E24D912AEF78B900635553 /* ContentView.swift */ = {isa = PBXFileReference; lastKnownFileType = sourcecode.swift; path = ContentView.swift; sourceTree = "<group>"; };
		18E24D932AEF78BB00635553 /* Assets.xcassets */ = {isa = PBXFileReference; lastKnownFileType = folder.assetcatalog; path = Assets.xcassets; sourceTree = "<group>"; };
		18E24D962AEF78BB00635553 /* Preview Assets.xcassets */ = {isa = PBXFileReference; lastKnownFileType = folder.assetcatalog; path = "Preview Assets.xcassets"; sourceTree = "<group>"; };
		18E24D9D2AEF79D400635553 /* OnBoardingScreenView.swift */ = {isa = PBXFileReference; lastKnownFileType = sourcecode.swift; path = OnBoardingScreenView.swift; sourceTree = "<group>"; };
		18E24DA02AEF7E1900635553 /* HomeScreenView.swift */ = {isa = PBXFileReference; lastKnownFileType = sourcecode.swift; path = HomeScreenView.swift; sourceTree = "<group>"; };
		18E24DA32AEF850A00635553 /* ImageData.swift */ = {isa = PBXFileReference; lastKnownFileType = sourcecode.swift; path = ImageData.swift; sourceTree = "<group>"; };
		18E24DA52AEF851B00635553 /* NearYouData.swift */ = {isa = PBXFileReference; lastKnownFileType = sourcecode.swift; path = NearYouData.swift; sourceTree = "<group>"; };
		18E24DA72AEF87F000635553 /* FruitCardView.swift */ = {isa = PBXFileReference; lastKnownFileType = sourcecode.swift; path = FruitCardView.swift; sourceTree = "<group>"; };
		18E24DA92AEF8C7400635553 /* DetailView.swift */ = {isa = PBXFileReference; lastKnownFileType = sourcecode.swift; path = DetailView.swift; sourceTree = "<group>"; };
		18E24DAB2AEF8C9F00635553 /* TopSellingView.swift */ = {isa = PBXFileReference; lastKnownFileType = sourcecode.swift; path = TopSellingView.swift; sourceTree = "<group>"; };
		18E24DAD2AEFBBA400635553 /* NearYouView.swift */ = {isa = PBXFileReference; lastKnownFileType = sourcecode.swift; path = NearYouView.swift; sourceTree = "<group>"; };
/* End PBXFileReference section */

/* Begin PBXFrameworksBuildPhase section */
		18E24D892AEF78B900635553 /* Frameworks */ = {
			isa = PBXFrameworksBuildPhase;
			buildActionMask = 2147483647;
			files = (
			);
			runOnlyForDeploymentPostprocessing = 0;
		};
/* End PBXFrameworksBuildPhase section */

/* Begin PBXGroup section */
		18E24D832AEF78B900635553 = {
			isa = PBXGroup;
			children = (
				18E24D8E2AEF78B900635553 /* ShoppingApp */,
				18E24D8D2AEF78B900635553 /* Products */,
			);
			sourceTree = "<group>";
		};
		18E24D8D2AEF78B900635553 /* Products */ = {
			isa = PBXGroup;
			children = (
				18E24D8C2AEF78B900635553 /* ShoppingApp.app */,
			);
			name = Products;
			sourceTree = "<group>";
		};
		18E24D8E2AEF78B900635553 /* ShoppingApp */ = {
			isa = PBXGroup;
			children = (
				18E24DA22AEF84F800635553 /* Model */,
				18E24D9F2AEF7E0100635553 /* HomeScreen */,
				18E24D8F2AEF78B900635553 /* ShoppingAppApp.swift */,
				18E24D912AEF78B900635553 /* ContentView.swift */,
				18E24D932AEF78BB00635553 /* Assets.xcassets */,
				18E24D952AEF78BB00635553 /* Preview Content */,
				18E24D9D2AEF79D400635553 /* OnBoardingScreenView.swift */,
			);
			path = ShoppingApp;
			sourceTree = "<group>";
		};
		18E24D952AEF78BB00635553 /* Preview Content */ = {
			isa = PBXGroup;
			children = (
				18E24D962AEF78BB00635553 /* Preview Assets.xcassets */,
			);
			path = "Preview Content";
			sourceTree = "<group>";
		};
		18E24D9F2AEF7E0100635553 /* HomeScreen */ = {
			isa = PBXGroup;
			children = (
				18E24DA02AEF7E1900635553 /* HomeScreenView.swift */,
				18E24DA72AEF87F000635553 /* FruitCardView.swift */,
				18E24DA92AEF8C7400635553 /* DetailView.swift */,
				18E24DAB2AEF8C9F00635553 /* TopSellingView.swift */,
				18E24DAD2AEFBBA400635553 /* NearYouView.swift */,
			);
			path = HomeScreen;
			sourceTree = "<group>";
		};
		18E24DA22AEF84F800635553 /* Model */ = {
			isa = PBXGroup;
			children = (
				18E24DA32AEF850A00635553 /* ImageData.swift */,
				18E24DA52AEF851B00635553 /* NearYouData.swift */,
			);
			path = Model;
			sourceTree = "<group>";
		};
/* End PBXGroup section */

/* Begin PBXNativeTarget section */
		18E24D8B2AEF78B900635553 /* ShoppingApp */ = {
			isa = PBXNativeTarget;
			buildConfigurationList = 18E24D9A2AEF78BB00635553 /* Build configuration list for PBXNativeTarget "ShoppingApp" */;
			buildPhases = (
				18E24D882AEF78B900635553 /* Sources */,
				18E24D892AEF78B900635553 /* Frameworks */,
				18E24D8A2AEF78B900635553 /* Resources */,
			);
			buildRules = (
			);
			dependencies = (
			);
			name = ShoppingApp;
			productName = ShoppingApp;
			productReference = 18E24D8C2AEF78B900635553 /* ShoppingApp.app */;
			productType = "com.apple.product-type.application";
		};
/* End PBXNativeTarget section */

/* Begin PBXProject section */
		18E24D842AEF78B900635553 /* Project object */ = {
			isa = PBXProject;
			attributes = {
				BuildIndependentTargetsInParallel = 1;
				LastSwiftUpdateCheck = 1420;
				LastUpgradeCheck = 1420;
				TargetAttributes = {
					18E24D8B2AEF78B900635553 = {
						CreatedOnToolsVersion = 14.2;
					};
				};
			};
			buildConfigurationList = 18E24D872AEF78B900635553 /* Build configuration list for PBXProject "ShoppingApp" */;
			compatibilityVersion = "Xcode 14.0";
			developmentRegion = en;
			hasScannedForEncodings = 0;
			knownRegions = (
				en,
				Base,
			);
			mainGroup = 18E24D832AEF78B900635553;
			productRefGroup = 18E24D8D2AEF78B900635553 /* Products */;
			projectDirPath = "";
			projectRoot = "";
			targets = (
				18E24D8B2AEF78B900635553 /* ShoppingApp */,
			);
		};
/* End PBXProject section */

/* Begin PBXResourcesBuildPhase section */
		18E24D8A2AEF78B900635553 /* Resources */ = {
			isa = PBXResourcesBuildPhase;
			buildActionMask = 2147483647;
			files = (
				18E24D972AEF78BB00635553 /* Preview Assets.xcassets in Resources */,
				18E24D942AEF78BB00635553 /* Assets.xcassets in Resources */,
			);
			runOnlyForDeploymentPostprocessing = 0;
		};
/* End PBXResourcesBuildPhase section */

/* Begin PBXSourcesBuildPhase section */
		18E24D882AEF78B900635553 /* Sources */ = {
			isa = PBXSourcesBuildPhase;
			buildActionMask = 2147483647;
			files = (
				18E24D9E2AEF79D400635553 /* OnBoardingScreenView.swift in Sources */,
				18E24DAA2AEF8C7400635553 /* DetailView.swift in Sources */,
				18E24DAC2AEF8C9F00635553 /* TopSellingView.swift in Sources */,
				18E24DA62AEF851B00635553 /* NearYouData.swift in Sources */,
				18E24D922AEF78B900635553 /* ContentView.swift in Sources */,
				18E24D902AEF78B900635553 /* ShoppingAppApp.swift in Sources */,
				18E24DAE2AEFBBA400635553 /* NearYouView.swift in Sources */,
				18E24DA82AEF87F000635553 /* FruitCardView.swift in Sources */,
				18E24DA42AEF850A00635553 /* ImageData.swift in Sources */,
				18E24DA12AEF7E1900635553 /* HomeScreenView.swift in Sources */,
			);
			runOnlyForDeploymentPostprocessing = 0;
		};
/* End PBXSourcesBuildPhase section */

/* Begin XCBuildConfiguration section */
		18E24D982AEF78BB00635553 /* Debug */ = {
			isa = XCBuildConfiguration;
			buildSettings = {
				ALWAYS_SEARCH_USER_PATHS = NO;
				CLANG_ANALYZER_NONNULL = YES;
				CLANG_ANALYZER_NUMBER_OBJECT_CONVERSION = YES_AGGRESSIVE;
				CLANG_CXX_LANGUAGE_STANDARD = "gnu++20";
				CLANG_ENABLE_MODULES = YES;
				CLANG_ENABLE_OBJC_ARC = YES;
				CLANG_ENABLE_OBJC_WEAK = YES;
				CLANG_WARN_BLOCK_CAPTURE_AUTORELEASING = YES;
				CLANG_WARN_BOOL_CONVERSION = YES;
				CLANG_WARN_COMMA = YES;
				CLANG_WARN_CONSTANT_CONVERSION = YES;
				CLANG_WARN_DEPRECATED_OBJC_IMPLEMENTATIONS = YES;
				CLANG_WARN_DIRECT_OBJC_ISA_USAGE = YES_ERROR;
				CLANG_WARN_DOCUMENTATION_COMMENTS = YES;
				CLANG_WARN_EMPTY_BODY = YES;
				CLANG_WARN_ENUM_CONVERSION = YES;
				CLANG_WARN_INFINITE_RECURSION = YES;
				CLANG_WARN_INT_CONVERSION = YES;
				CLANG_WARN_NON_LITERAL_NULL_CONVERSION = YES;
				CLANG_WARN_OBJC_IMPLICIT_RETAIN_SELF = YES;
				CLANG_WARN_OBJC_LITERAL_CONVERSION = YES;
				CLANG_WARN_OBJC_ROOT_CLASS = YES_ERROR;
				CLANG_WARN_QUOTED_INCLUDE_IN_FRAMEWORK_HEADER = YES;
				CLANG_WARN_RANGE_LOOP_ANALYSIS = YES;
				CLANG_WARN_STRICT_PROTOTYPES = YES;
				CLANG_WARN_SUSPICIOUS_MOVE = YES;
				CLANG_WARN_UNGUARDED_AVAILABILITY = YES_AGGRESSIVE;
				CLANG_WARN_UNREACHABLE_CODE = YES;
				CLANG_WARN__DUPLICATE_METHOD_MATCH = YES;
				COPY_PHASE_STRIP = NO;
				DEBUG_INFORMATION_FORMAT = dwarf;
				ENABLE_STRICT_OBJC_MSGSEND = YES;
				ENABLE_TESTABILITY = YES;
				GCC_C_LANGUAGE_STANDARD = gnu11;
				GCC_DYNAMIC_NO_PIC = NO;
				GCC_NO_COMMON_BLOCKS = YES;
				GCC_OPTIMIZATION_LEVEL = 0;
				GCC_PREPROCESSOR_DEFINITIONS = (
					"DEBUG=1",
					"$(inherited)",
				);
				GCC_WARN_64_TO_32_BIT_CONVERSION = YES;
				GCC_WARN_ABOUT_RETURN_TYPE = YES_ERROR;
				GCC_WARN_UNDECLARED_SELECTOR = YES;
				GCC_WARN_UNINITIALIZED_AUTOS = YES_AGGRESSIVE;
				GCC_WARN_UNUSED_FUNCTION = YES;
				GCC_WARN_UNUSED_VARIABLE = YES;
				IPHONEOS_DEPLOYMENT_TARGET = 16.2;
				MTL_ENABLE_DEBUG_INFO = INCLUDE_SOURCE;
				MTL_FAST_MATH = YES;
				ONLY_ACTIVE_ARCH = YES;
				SDKROOT = iphoneos;
				SWIFT_ACTIVE_COMPILATION_CONDITIONS = DEBUG;
				SWIFT_OPTIMIZATION_LEVEL = "-Onone";
			};
			name = Debug;
		};
		18E24D992AEF78BB00635553 /* Release */ = {
			isa = XCBuildConfiguration;
			buildSettings = {
				ALWAYS_SEARCH_USER_PATHS = NO;
				CLANG_ANALYZER_NONNULL = YES;
				CLANG_ANALYZER_NUMBER_OBJECT_CONVERSION = YES_AGGRESSIVE;
				CLANG_CXX_LANGUAGE_STANDARD = "gnu++20";
				CLANG_ENABLE_MODULES = YES;
				CLANG_ENABLE_OBJC_ARC = YES;
				CLANG_ENABLE_OBJC_WEAK = YES;
				CLANG_WARN_BLOCK_CAPTURE_AUTORELEASING = YES;
				CLANG_WARN_BOOL_CONVERSION = YES;
				CLANG_WARN_COMMA = YES;
				CLANG_WARN_CONSTANT_CONVERSION = YES;
				CLANG_WARN_DEPRECATED_OBJC_IMPLEMENTATIONS = YES;
				CLANG_WARN_DIRECT_OBJC_ISA_USAGE = YES_ERROR;
				CLANG_WARN_DOCUMENTATION_COMMENTS = YES;
				CLANG_WARN_EMPTY_BODY = YES;
				CLANG_WARN_ENUM_CONVERSION = YES;
				CLANG_WARN_INFINITE_RECURSION = YES;
				CLANG_WARN_INT_CONVERSION = YES;
				CLANG_WARN_NON_LITERAL_NULL_CONVERSION = YES;
				CLANG_WARN_OBJC_IMPLICIT_RETAIN_SELF = YES;
				CLANG_WARN_OBJC_LITERAL_CONVERSION = YES;
				CLANG_WARN_OBJC_ROOT_CLASS = YES_ERROR;
				CLANG_WARN_QUOTED_INCLUDE_IN_FRAMEWORK_HEADER = YES;
				CLANG_WARN_RANGE_LOOP_ANALYSIS = YES;
				CLANG_WARN_STRICT_PROTOTYPES = YES;
				CLANG_WARN_SUSPICIOUS_MOVE = YES;
				CLANG_WARN_UNGUARDED_AVAILABILITY = YES_AGGRESSIVE;
				CLANG_WARN_UNREACHABLE_CODE = YES;
				CLANG_WARN__DUPLICATE_METHOD_MATCH = YES;
				COPY_PHASE_STRIP = NO;
				DEBUG_INFORMATION_FORMAT = "dwarf-with-dsym";
				ENABLE_NS_ASSERTIONS = NO;
				ENABLE_STRICT_OBJC_MSGSEND = YES;
				GCC_C_LANGUAGE_STANDARD = gnu11;
				GCC_NO_COMMON_BLOCKS = YES;
				GCC_WARN_64_TO_32_BIT_CONVERSION = YES;
				GCC_WARN_ABOUT_RETURN_TYPE = YES_ERROR;
				GCC_WARN_UNDECLARED_SELECTOR = YES;
				GCC_WARN_UNINITIALIZED_AUTOS = YES_AGGRESSIVE;
				GCC_WARN_UNUSED_FUNCTION = YES;
				GCC_WARN_UNUSED_VARIABLE = YES;
				IPHONEOS_DEPLOYMENT_TARGET = 16.2;
				MTL_ENABLE_DEBUG_INFO = NO;
				MTL_FAST_MATH = YES;
				SDKROOT = iphoneos;
				SWIFT_COMPILATION_MODE = wholemodule;
				SWIFT_OPTIMIZATION_LEVEL = "-O";
				VALIDATE_PRODUCT = YES;
			};
			name = Release;
		};
		18E24D9B2AEF78BB00635553 /* Debug */ = {
			isa = XCBuildConfiguration;
			buildSettings = {
				ASSETCATALOG_COMPILER_APPICON_NAME = AppIcon;
				ASSETCATALOG_COMPILER_GLOBAL_ACCENT_COLOR_NAME = AccentColor;
				CODE_SIGN_STYLE = Automatic;
				CURRENT_PROJECT_VERSION = 1;
				DEVELOPMENT_ASSET_PATHS = "\"ShoppingApp/Preview Content\"";
				ENABLE_PREVIEWS = YES;
				GENERATE_INFOPLIST_FILE = YES;
				INFOPLIST_KEY_UIApplicationSceneManifest_Generation = YES;
				INFOPLIST_KEY_UIApplicationSupportsIndirectInputEvents = YES;
				INFOPLIST_KEY_UILaunchScreen_Generation = YES;
				INFOPLIST_KEY_UISupportedInterfaceOrientations_iPad = "UIInterfaceOrientationPortrait UIInterfaceOrientationPortraitUpsideDown UIInterfaceOrientationLandscapeLeft UIInterfaceOrientationLandscapeRight";
				INFOPLIST_KEY_UISupportedInterfaceOrientations_iPhone = "UIInterfaceOrientationPortrait UIInterfaceOrientationLandscapeLeft UIInterfaceOrientationLandscapeRight";
				LD_RUNPATH_SEARCH_PATHS = (
					"$(inherited)",
					"@executable_path/Frameworks",
				);
				MARKETING_VERSION = 1.0;
				PRODUCT_BUNDLE_IDENTIFIER = com.Todo.gs.ShoppingApp;
				PRODUCT_NAME = "$(TARGET_NAME)";
				SWIFT_EMIT_LOC_STRINGS = YES;
				SWIFT_VERSION = 5.0;
				TARGETED_DEVICE_FAMILY = "1,2";
			};
			name = Debug;
		};
		18E24D9C2AEF78BB00635553 /* Release */ = {
			isa = XCBuildConfiguration;
			buildSettings = {
				ASSETCATALOG_COMPILER_APPICON_NAME = AppIcon;
				ASSETCATALOG_COMPILER_GLOBAL_ACCENT_COLOR_NAME = AccentColor;
				CODE_SIGN_STYLE = Automatic;
				CURRENT_PROJECT_VERSION = 1;
				DEVELOPMENT_ASSET_PATHS = "\"ShoppingApp/Preview Content\"";
				ENABLE_PREVIEWS = YES;
				GENERATE_INFOPLIST_FILE = YES;
				INFOPLIST_KEY_UIApplicationSceneManifest_Generation = YES;
				INFOPLIST_KEY_UIApplicationSupportsIndirectInputEvents = YES;
				INFOPLIST_KEY_UILaunchScreen_Generation = YES;
				INFOPLIST_KEY_UISupportedInterfaceOrientations_iPad = "UIInterfaceOrientationPortrait UIInterfaceOrientationPortraitUpsideDown UIInterfaceOrientationLandscapeLeft UIInterfaceOrientationLandscapeRight";
				INFOPLIST_KEY_UISupportedInterfaceOrientations_iPhone = "UIInterfaceOrientationPortrait UIInterfaceOrientationLandscapeLeft UIInterfaceOrientationLandscapeRight";
				LD_RUNPATH_SEARCH_PATHS = (
					"$(inherited)",
					"@executable_path/Frameworks",
				);
				MARKETING_VERSION = 1.0;
				PRODUCT_BUNDLE_IDENTIFIER = com.Todo.gs.ShoppingApp;
				PRODUCT_NAME = "$(TARGET_NAME)";
				SWIFT_EMIT_LOC_STRINGS = YES;
				SWIFT_VERSION = 5.0;
				TARGETED_DEVICE_FAMILY = "1,2";
			};
			name = Release;
		};
/* End XCBuildConfiguration section */

/* Begin XCConfigurationList section */
		18E24D872AEF78B900635553 /* Build configuration list for PBXProject "ShoppingApp" */ = {
			isa = XCConfigurationList;
			buildConfigurations = (
				18E24D982AEF78BB00635553 /* Debug */,
				18E24D992AEF78BB00635553 /* Release */,
			);
			defaultConfigurationIsVisible = 0;
			defaultConfigurationName = Release;
		};
		18E24D9A2AEF78BB00635553 /* Build configuration list for PBXNativeTarget "ShoppingApp" */ = {
			isa = XCConfigurationList;
			buildConfigurations = (
				18E24D9B2AEF78BB00635553 /* Debug */,
				18E24D9C2AEF78BB00635553 /* Release */,
			);
			defaultConfigurationIsVisible = 0;
			defaultConfigurationName = Release;
		};
/* End XCConfigurationList section */
	};
	rootObject = 18E24D842AEF78B900635553 /* Project object */;
}
